
Microsoft Visual Studio Solution File, Format Version 12.00
# Visual Studio Version 16
VisualStudioVersion = 16.0.30804.86
MinimumVisualStudioVersion = 10.0.40219.1
Project("{FAE04EC0-301F-11D3-BF4B-00C04F79EFBC}") = "Lab2", "Lab2\Lab2.csproj", "{F1ED0EDF-5827-4880-8A3C-A15773407184}"
EndProject
Project("{FAE04EC0-301F-11D3-BF4B-00C04F79EFBC}") = "MyBookLibrary", "MyBookLibrary\MyBookLibrary.csproj", "{880C2310-A238-4ED4-82B9-5D833374C58D}"
EndProject
Project("{FAE04EC0-301F-11D3-BF4B-00C04F79EFBC}") = "Validation", "Validation\Validation.csproj", "{12D1FAF4-587D-4B1B-9530-F7093A23EBF1}"
EndProject
Global
	GlobalSection(SolutionConfigurationPlatforms) = preSolution
		Debug|Any CPU = Debug|Any CPU
		Release|Any CPU = Release|Any CPU
	EndGlobalSection
	GlobalSection(ProjectConfigurationPlatforms) = postSolution
		{F1ED0EDF-5827-4880-8A3C-A15773407184}.Debug|Any CPU.ActiveCfg = Debug|Any CPU
		{F1ED0EDF-5827-4880-8A3C-A15773407184}.Debug|Any CPU.Build.0 = Debug|Any CPU
		{F1ED0EDF-5827-4880-8A3C-A15773407184}.Release|Any CPU.ActiveCfg = Release|Any CPU
		{F1ED0EDF-5827-4880-8A3C-A15773407184}.Release|Any CPU.Build.0 = Release|Any CPU
		{880C2310-A238-4ED4-82B9-5D833374C58D}.Debug|Any CPU.ActiveCfg = Debug|Any CPU
		{880C2310-A238-4ED4-82B9-5D833374C58D}.Debug|Any CPU.Build.0 = Debug|Any CPU
		{880C2310-A238-4ED4-82B9-5D833374C58D}.Release|Any CPU.ActiveCfg = Release|Any CPU
		{880C2310-A238-4ED4-82B9-5D833374C58D}.Release|Any CPU.Build.0 = Release|Any CPU
		{12D1FAF4-587D-4B1B-9530-F7093A23EBF1}.Debug|Any CPU.ActiveCfg = Debug|Any CPU
		{12D1FAF4-587D-4B1B-9530-F7093A23EBF1}.Debug|Any CPU.Build.0 = Debug|Any CPU
		{12D1FAF4-587D-4B1B-9530-F7093A23EBF1}.Release|Any CPU.ActiveCfg = Release|Any CPU
		{12D1FAF4-587D-4B1B-9530-F7093A23EBF1}.Release|Any CPU.Build.0 = Release|Any CPU
	EndGlobalSection
	GlobalSection(SolutionProperties) = preSolution
		HideSolutionNode = FALSE
	EndGlobalSection
	GlobalSection(ExtensibilityGlobals) = postSolution
		SolutionGuid = {12C562EB-A2A8-4CA8-971B-BBA4333A9E1B}
	EndGlobalSection
EndGlobal
